// !$*UTF8*$!
{
	archiveVersion = 1;
	classes = {
	};
	objectVersion = 55;
	objects = {

/* Begin PBXBuildFile section */
		5F5008642868C2A500768FEB /* NetworkConstants.swift in Sources */ = {isa = PBXBuildFile; fileRef = 5F5008632868C2A500768FEB /* NetworkConstants.swift */; };
		5F5008662868C3DB00768FEB /* APICaller.swift in Sources */ = {isa = PBXBuildFile; fileRef = 5F5008652868C3DB00768FEB /* APICaller.swift */; };
		5F5008682868C49000768FEB /* TrendingMovieModel.swift in Sources */ = {isa = PBXBuildFile; fileRef = 5F5008672868C49000768FEB /* TrendingMovieModel.swift */; };
		5F50086A2868CD0000768FEB /* Observable.swift in Sources */ = {isa = PBXBuildFile; fileRef = 5F5008692868CD0000768FEB /* Observable.swift */; };
		5F6387A528698DFD00838B78 /* MovieTableViewCell.swift in Sources */ = {isa = PBXBuildFile; fileRef = 5F6387A328698DFD00838B78 /* MovieTableViewCell.swift */; };
		5F6387A628698DFD00838B78 /* MovieTableViewCell.xib in Resources */ = {isa = PBXBuildFile; fileRef = 5F6387A428698DFD00838B78 /* MovieTableViewCell.xib */; };
		5F6387A82869916800838B78 /* UIViewExtensions.swift in Sources */ = {isa = PBXBuildFile; fileRef = 5F6387A72869916800838B78 /* UIViewExtensions.swift */; };
		5F6387AA2869924600838B78 /* MovieTableCellViewModel.swift in Sources */ = {isa = PBXBuildFile; fileRef = 5F6387A92869924600838B78 /* MovieTableCellViewModel.swift */; };
		5F6387AD2869938000838B78 /* SDWebImage in Frameworks */ = {isa = PBXBuildFile; productRef = 5F6387AC2869938000838B78 /* SDWebImage */; };
		5F9CA248286863F50027DE44 /* AppDelegate.swift in Sources */ = {isa = PBXBuildFile; fileRef = 5F9CA247286863F50027DE44 /* AppDelegate.swift */; };
		5F9CA251286863F60027DE44 /* Assets.xcassets in Resources */ = {isa = PBXBuildFile; fileRef = 5F9CA250286863F60027DE44 /* Assets.xcassets */; };
		5F9CA254286863F60027DE44 /* LaunchScreen.storyboard in Resources */ = {isa = PBXBuildFile; fileRef = 5F9CA252286863F60027DE44 /* LaunchScreen.storyboard */; };
		5F9CA25F286863F60027DE44 /* MovieDetailsMVVMTests.swift in Sources */ = {isa = PBXBuildFile; fileRef = 5F9CA25E286863F60027DE44 /* MovieDetailsMVVMTests.swift */; };
		5F9CA269286863F60027DE44 /* MovieDetailsMVVMUITests.swift in Sources */ = {isa = PBXBuildFile; fileRef = 5F9CA268286863F60027DE44 /* MovieDetailsMVVMUITests.swift */; };
		5F9CA26B286863F60027DE44 /* MovieDetailsMVVMUITestsLaunchTests.swift in Sources */ = {isa = PBXBuildFile; fileRef = 5F9CA26A286863F60027DE44 /* MovieDetailsMVVMUITestsLaunchTests.swift */; };
		5F9CA279286868320027DE44 /* MainViewController.swift in Sources */ = {isa = PBXBuildFile; fileRef = 5F9CA277286868320027DE44 /* MainViewController.swift */; };
		5F9CA27A286868320027DE44 /* MainViewController.xib in Resources */ = {isa = PBXBuildFile; fileRef = 5F9CA278286868320027DE44 /* MainViewController.xib */; };
		5F9CA28528686F860027DE44 /* MainViewController+TableView.swift in Sources */ = {isa = PBXBuildFile; fileRef = 5F9CA28428686F860027DE44 /* MainViewController+TableView.swift */; };
		5F9CA287286871370027DE44 /* MainViewModel.swift in Sources */ = {isa = PBXBuildFile; fileRef = 5F9CA286286871370027DE44 /* MainViewModel.swift */; };
/* End PBXBuildFile section */

/* Begin PBXContainerItemProxy section */
		5F9CA25B286863F60027DE44 /* PBXContainerItemProxy */ = {
			isa = PBXContainerItemProxy;
			containerPortal = 5F9CA23C286863F50027DE44 /* Project object */;
			proxyType = 1;
			remoteGlobalIDString = 5F9CA243286863F50027DE44;
			remoteInfo = MovieDetailsMVVM;
		};
		5F9CA265286863F60027DE44 /* PBXContainerItemProxy */ = {
			isa = PBXContainerItemProxy;
			containerPortal = 5F9CA23C286863F50027DE44 /* Project object */;
			proxyType = 1;
			remoteGlobalIDString = 5F9CA243286863F50027DE44;
			remoteInfo = MovieDetailsMVVM;
		};
/* End PBXContainerItemProxy section */

/* Begin PBXFileReference section */
		5F5008632868C2A500768FEB /* NetworkConstants.swift */ = {isa = PBXFileReference; lastKnownFileType = sourcecode.swift; path = NetworkConstants.swift; sourceTree = "<group>"; };
		5F5008652868C3DB00768FEB /* APICaller.swift */ = {isa = PBXFileReference; lastKnownFileType = sourcecode.swift; path = APICaller.swift; sourceTree = "<group>"; };
		5F5008672868C49000768FEB /* TrendingMovieModel.swift */ = {isa = PBXFileReference; lastKnownFileType = sourcecode.swift; path = TrendingMovieModel.swift; sourceTree = "<group>"; };
		5F5008692868CD0000768FEB /* Observable.swift */ = {isa = PBXFileReference; lastKnownFileType = sourcecode.swift; path = Observable.swift; sourceTree = "<group>"; };
		5F6387A328698DFD00838B78 /* MovieTableViewCell.swift */ = {isa = PBXFileReference; lastKnownFileType = sourcecode.swift; path = MovieTableViewCell.swift; sourceTree = "<group>"; };
		5F6387A428698DFD00838B78 /* MovieTableViewCell.xib */ = {isa = PBXFileReference; lastKnownFileType = file.xib; path = MovieTableViewCell.xib; sourceTree = "<group>"; };
		5F6387A72869916800838B78 /* UIViewExtensions.swift */ = {isa = PBXFileReference; lastKnownFileType = sourcecode.swift; path = UIViewExtensions.swift; sourceTree = "<group>"; };
		5F6387A92869924600838B78 /* MovieTableCellViewModel.swift */ = {isa = PBXFileReference; lastKnownFileType = sourcecode.swift; path = MovieTableCellViewModel.swift; sourceTree = "<group>"; };
		5F9CA244286863F50027DE44 /* MovieDetailsMVVM.app */ = {isa = PBXFileReference; explicitFileType = wrapper.application; includeInIndex = 0; path = MovieDetailsMVVM.app; sourceTree = BUILT_PRODUCTS_DIR; };
		5F9CA247286863F50027DE44 /* AppDelegate.swift */ = {isa = PBXFileReference; lastKnownFileType = sourcecode.swift; path = AppDelegate.swift; sourceTree = "<group>"; };
		5F9CA250286863F60027DE44 /* Assets.xcassets */ = {isa = PBXFileReference; lastKnownFileType = folder.assetcatalog; path = Assets.xcassets; sourceTree = "<group>"; };
		5F9CA253286863F60027DE44 /* Base */ = {isa = PBXFileReference; lastKnownFileType = file.storyboard; name = Base; path = Base.lproj/LaunchScreen.storyboard; sourceTree = "<group>"; };
		5F9CA255286863F60027DE44 /* Info.plist */ = {isa = PBXFileReference; lastKnownFileType = text.plist.xml; path = Info.plist; sourceTree = "<group>"; };
		5F9CA25A286863F60027DE44 /* MovieDetailsMVVMTests.xctest */ = {isa = PBXFileReference; explicitFileType = wrapper.cfbundle; includeInIndex = 0; path = MovieDetailsMVVMTests.xctest; sourceTree = BUILT_PRODUCTS_DIR; };
		5F9CA25E286863F60027DE44 /* MovieDetailsMVVMTests.swift */ = {isa = PBXFileReference; lastKnownFileType = sourcecode.swift; path = MovieDetailsMVVMTests.swift; sourceTree = "<group>"; };
		5F9CA264286863F60027DE44 /* MovieDetailsMVVMUITests.xctest */ = {isa = PBXFileReference; explicitFileType = wrapper.cfbundle; includeInIndex = 0; path = MovieDetailsMVVMUITests.xctest; sourceTree = BUILT_PRODUCTS_DIR; };
		5F9CA268286863F60027DE44 /* MovieDetailsMVVMUITests.swift */ = {isa = PBXFileReference; lastKnownFileType = sourcecode.swift; path = MovieDetailsMVVMUITests.swift; sourceTree = "<group>"; };
		5F9CA26A286863F60027DE44 /* MovieDetailsMVVMUITestsLaunchTests.swift */ = {isa = PBXFileReference; lastKnownFileType = sourcecode.swift; path = MovieDetailsMVVMUITestsLaunchTests.swift; sourceTree = "<group>"; };
		5F9CA277286868320027DE44 /* MainViewController.swift */ = {isa = PBXFileReference; lastKnownFileType = sourcecode.swift; path = MainViewController.swift; sourceTree = "<group>"; };
		5F9CA278286868320027DE44 /* MainViewController.xib */ = {isa = PBXFileReference; lastKnownFileType = file.xib; path = MainViewController.xib; sourceTree = "<group>"; };
		5F9CA28428686F860027DE44 /* MainViewController+TableView.swift */ = {isa = PBXFileReference; lastKnownFileType = sourcecode.swift; path = "MainViewController+TableView.swift"; sourceTree = "<group>"; };
		5F9CA286286871370027DE44 /* MainViewModel.swift */ = {isa = PBXFileReference; lastKnownFileType = sourcecode.swift; path = MainViewModel.swift; sourceTree = "<group>"; };
/* End PBXFileReference section */

/* Begin PBXFrameworksBuildPhase section */
		5F9CA241286863F50027DE44 /* Frameworks */ = {
			isa = PBXFrameworksBuildPhase;
			buildActionMask = 2147483647;
			files = (
				5F6387AD2869938000838B78 /* SDWebImage in Frameworks */,
			);
			runOnlyForDeploymentPostprocessing = 0;
		};
		5F9CA257286863F60027DE44 /* Frameworks */ = {
			isa = PBXFrameworksBuildPhase;
			buildActionMask = 2147483647;
			files = (
			);
			runOnlyForDeploymentPostprocessing = 0;
		};
		5F9CA261286863F60027DE44 /* Frameworks */ = {
			isa = PBXFrameworksBuildPhase;
			buildActionMask = 2147483647;
			files = (
			);
			runOnlyForDeploymentPostprocessing = 0;
		};
/* End PBXFrameworksBuildPhase section */

/* Begin PBXGroup section */
		5F6387A128698DC800838B78 /* MovieTableViewCell */ = {
			isa = PBXGroup;
			children = (
				5F6387A328698DFD00838B78 /* MovieTableViewCell.swift */,
				5F6387A428698DFD00838B78 /* MovieTableViewCell.xib */,
			);
			path = MovieTableViewCell;
			sourceTree = "<group>";
		};
		5F9CA23B286863F50027DE44 = {
			isa = PBXGroup;
			children = (
				5F9CA246286863F50027DE44 /* MovieDetailsMVVM */,
				5F9CA25D286863F60027DE44 /* MovieDetailsMVVMTests */,
				5F9CA267286863F60027DE44 /* MovieDetailsMVVMUITests */,
				5F9CA245286863F50027DE44 /* Products */,
			);
			sourceTree = "<group>";
		};
		5F9CA245286863F50027DE44 /* Products */ = {
			isa = PBXGroup;
			children = (
				5F9CA244286863F50027DE44 /* MovieDetailsMVVM.app */,
				5F9CA25A286863F60027DE44 /* MovieDetailsMVVMTests.xctest */,
				5F9CA264286863F60027DE44 /* MovieDetailsMVVMUITests.xctest */,
			);
			name = Products;
			sourceTree = "<group>";
		};
		5F9CA246286863F50027DE44 /* MovieDetailsMVVM */ = {
			isa = PBXGroup;
			children = (
				5F9CA27B28686A2C0027DE44 /* Classes */,
				5F9CA28228686B980027DE44 /* Resources */,
				5F9CA28128686AE20027DE44 /* Networking */,
				5F9CA28028686A710027DE44 /* Extensions */,
				5F9CA27F28686A5E0027DE44 /* Model */,
				5F9CA27C28686A3A0027DE44 /* View */,
				5F9CA27E28686A500027DE44 /* Controllers */,
				5F9CA27D28686A490027DE44 /* ViewModel */,
				5F9CA247286863F50027DE44 /* AppDelegate.swift */,
				5F9CA255286863F60027DE44 /* Info.plist */,
			);
			path = MovieDetailsMVVM;
			sourceTree = "<group>";
		};
		5F9CA25D286863F60027DE44 /* MovieDetailsMVVMTests */ = {
			isa = PBXGroup;
			children = (
				5F9CA25E286863F60027DE44 /* MovieDetailsMVVMTests.swift */,
			);
			path = MovieDetailsMVVMTests;
			sourceTree = "<group>";
		};
		5F9CA267286863F60027DE44 /* MovieDetailsMVVMUITests */ = {
			isa = PBXGroup;
			children = (
				5F9CA268286863F60027DE44 /* MovieDetailsMVVMUITests.swift */,
				5F9CA26A286863F60027DE44 /* MovieDetailsMVVMUITestsLaunchTests.swift */,
			);
			path = MovieDetailsMVVMUITests;
			sourceTree = "<group>";
		};
		5F9CA27B28686A2C0027DE44 /* Classes */ = {
			isa = PBXGroup;
			children = (
				5F5008692868CD0000768FEB /* Observable.swift */,
			);
			path = Classes;
			sourceTree = "<group>";
		};
		5F9CA27C28686A3A0027DE44 /* View */ = {
			isa = PBXGroup;
			children = (
				5F6387A128698DC800838B78 /* MovieTableViewCell */,
				5F9CA252286863F60027DE44 /* LaunchScreen.storyboard */,
			);
			path = View;
			sourceTree = "<group>";
		};
		5F9CA27D28686A490027DE44 /* ViewModel */ = {
			isa = PBXGroup;
			children = (
				5F9CA286286871370027DE44 /* MainViewModel.swift */,
				5F6387A92869924600838B78 /* MovieTableCellViewModel.swift */,
			);
			path = ViewModel;
			sourceTree = "<group>";
		};
		5F9CA27E28686A500027DE44 /* Controllers */ = {
			isa = PBXGroup;
			children = (
				5F9CA28328686BCA0027DE44 /* MainViewController */,
			);
			path = Controllers;
			sourceTree = "<group>";
		};
		5F9CA27F28686A5E0027DE44 /* Model */ = {
			isa = PBXGroup;
			children = (
				5F5008672868C49000768FEB /* TrendingMovieModel.swift */,
			);
			path = Model;
			sourceTree = "<group>";
		};
		5F9CA28028686A710027DE44 /* Extensions */ = {
			isa = PBXGroup;
			children = (
				5F6387A72869916800838B78 /* UIViewExtensions.swift */,
			);
			path = Extensions;
			sourceTree = "<group>";
		};
		5F9CA28128686AE20027DE44 /* Networking */ = {
			isa = PBXGroup;
			children = (
				5F5008632868C2A500768FEB /* NetworkConstants.swift */,
				5F5008652868C3DB00768FEB /* APICaller.swift */,
			);
			path = Networking;
			sourceTree = "<group>";
		};
		5F9CA28228686B980027DE44 /* Resources */ = {
			isa = PBXGroup;
			children = (
				5F9CA250286863F60027DE44 /* Assets.xcassets */,
			);
			path = Resources;
			sourceTree = "<group>";
		};
		5F9CA28328686BCA0027DE44 /* MainViewController */ = {
			isa = PBXGroup;
			children = (
				5F9CA277286868320027DE44 /* MainViewController.swift */,
				5F9CA278286868320027DE44 /* MainViewController.xib */,
				5F9CA28428686F860027DE44 /* MainViewController+TableView.swift */,
			);
			path = MainViewController;
			sourceTree = "<group>";
		};
/* End PBXGroup section */

/* Begin PBXNativeTarget section */
		5F9CA243286863F50027DE44 /* MovieDetailsMVVM */ = {
			isa = PBXNativeTarget;
			buildConfigurationList = 5F9CA26E286863F60027DE44 /* Build configuration list for PBXNativeTarget "MovieDetailsMVVM" */;
			buildPhases = (
				5F9CA240286863F50027DE44 /* Sources */,
				5F9CA241286863F50027DE44 /* Frameworks */,
				5F9CA242286863F50027DE44 /* Resources */,
			);
			buildRules = (
			);
			dependencies = (
			);
			name = MovieDetailsMVVM;
			packageProductDependencies = (
				5F6387AC2869938000838B78 /* SDWebImage */,
			);
			productName = MovieDetailsMVVM;
			productReference = 5F9CA244286863F50027DE44 /* MovieDetailsMVVM.app */;
			productType = "com.apple.product-type.application";
		};
		5F9CA259286863F60027DE44 /* MovieDetailsMVVMTests */ = {
			isa = PBXNativeTarget;
			buildConfigurationList = 5F9CA271286863F60027DE44 /* Build configuration list for PBXNativeTarget "MovieDetailsMVVMTests" */;
			buildPhases = (
				5F9CA256286863F60027DE44 /* Sources */,
				5F9CA257286863F60027DE44 /* Frameworks */,
				5F9CA258286863F60027DE44 /* Resources */,
			);
			buildRules = (
			);
			dependencies = (
				5F9CA25C286863F60027DE44 /* PBXTargetDependency */,
			);
			name = MovieDetailsMVVMTests;
			productName = MovieDetailsMVVMTests;
			productReference = 5F9CA25A286863F60027DE44 /* MovieDetailsMVVMTests.xctest */;
			productType = "com.apple.product-type.bundle.unit-test";
		};
		5F9CA263286863F60027DE44 /* MovieDetailsMVVMUITests */ = {
			isa = PBXNativeTarget;
			buildConfigurationList = 5F9CA274286863F60027DE44 /* Build configuration list for PBXNativeTarget "MovieDetailsMVVMUITests" */;
			buildPhases = (
				5F9CA260286863F60027DE44 /* Sources */,
				5F9CA261286863F60027DE44 /* Frameworks */,
				5F9CA262286863F60027DE44 /* Resources */,
			);
			buildRules = (
			);
			dependencies = (
				5F9CA266286863F60027DE44 /* PBXTargetDependency */,
			);
			name = MovieDetailsMVVMUITests;
			productName = MovieDetailsMVVMUITests;
			productReference = 5F9CA264286863F60027DE44 /* MovieDetailsMVVMUITests.xctest */;
			productType = "com.apple.product-type.bundle.ui-testing";
		};
/* End PBXNativeTarget section */

/* Begin PBXProject section */
		5F9CA23C286863F50027DE44 /* Project object */ = {
			isa = PBXProject;
			attributes = {
				BuildIndependentTargetsInParallel = 1;
				LastSwiftUpdateCheck = 1340;
				LastUpgradeCheck = 1340;
				TargetAttributes = {
					5F9CA243286863F50027DE44 = {
						CreatedOnToolsVersion = 13.4.1;
					};
					5F9CA259286863F60027DE44 = {
						CreatedOnToolsVersion = 13.4.1;
						TestTargetID = 5F9CA243286863F50027DE44;
					};
					5F9CA263286863F60027DE44 = {
						CreatedOnToolsVersion = 13.4.1;
						TestTargetID = 5F9CA243286863F50027DE44;
					};
				};
			};
			buildConfigurationList = 5F9CA23F286863F50027DE44 /* Build configuration list for PBXProject "MovieDetailsMVVM" */;
			compatibilityVersion = "Xcode 13.0";
			developmentRegion = en;
			hasScannedForEncodings = 0;
			knownRegions = (
				en,
				Base,
			);
			mainGroup = 5F9CA23B286863F50027DE44;
			packageReferences = (
				5F6387AB2869938000838B78 /* XCRemoteSwiftPackageReference "SDWebImage" */,
			);
			productRefGroup = 5F9CA245286863F50027DE44 /* Products */;
			projectDirPath = "";
			projectRoot = "";
			targets = (
				5F9CA243286863F50027DE44 /* MovieDetailsMVVM */,
				5F9CA259286863F60027DE44 /* MovieDetailsMVVMTests */,
				5F9CA263286863F60027DE44 /* MovieDetailsMVVMUITests */,
			);
		};
/* End PBXProject section */

/* Begin PBXResourcesBuildPhase section */
		5F9CA242286863F50027DE44 /* Resources */ = {
			isa = PBXResourcesBuildPhase;
			buildActionMask = 2147483647;
			files = (
				5F9CA254286863F60027DE44 /* LaunchScreen.storyboard in Resources */,
				5F9CA27A286868320027DE44 /* MainViewController.xib in Resources */,
				5F6387A628698DFD00838B78 /* MovieTableViewCell.xib in Resources */,
				5F9CA251286863F60027DE44 /* Assets.xcassets in Resources */,
			);
			runOnlyForDeploymentPostprocessing = 0;
		};
		5F9CA258286863F60027DE44 /* Resources */ = {
			isa = PBXResourcesBuildPhase;
			buildActionMask = 2147483647;
			files = (
			);
			runOnlyForDeploymentPostprocessing = 0;
		};
		5F9CA262286863F60027DE44 /* Resources */ = {
			isa = PBXResourcesBuildPhase;
			buildActionMask = 2147483647;
			files = (
			);
			runOnlyForDeploymentPostprocessing = 0;
		};
/* End PBXResourcesBuildPhase section */

/* Begin PBXSourcesBuildPhase section */
		5F9CA240286863F50027DE44 /* Sources */ = {
			isa = PBXSourcesBuildPhase;
			buildActionMask = 2147483647;
			files = (
				5F50086A2868CD0000768FEB /* Observable.swift in Sources */,
				5F9CA248286863F50027DE44 /* AppDelegate.swift in Sources */,
				5F6387A528698DFD00838B78 /* MovieTableViewCell.swift in Sources */,
				5F5008662868C3DB00768FEB /* APICaller.swift in Sources */,
				5F9CA28528686F860027DE44 /* MainViewController+TableView.swift in Sources */,
				5F5008642868C2A500768FEB /* NetworkConstants.swift in Sources */,
				5F6387A82869916800838B78 /* UIViewExtensions.swift in Sources */,
				5F6387AA2869924600838B78 /* MovieTableCellViewModel.swift in Sources */,
				5F5008682868C49000768FEB /* TrendingMovieModel.swift in Sources */,
				5F9CA279286868320027DE44 /* MainViewController.swift in Sources */,
				5F9CA287286871370027DE44 /* MainViewModel.swift in Sources */,
			);
			runOnlyForDeploymentPostprocessing = 0;
		};
		5F9CA256286863F60027DE44 /* Sources */ = {
			isa = PBXSourcesBuildPhase;
			buildActionMask = 2147483647;
			files = (
				5F9CA25F286863F60027DE44 /* MovieDetailsMVVMTests.swift in Sources */,
			);
			runOnlyForDeploymentPostprocessing = 0;
		};
		5F9CA260286863F60027DE44 /* Sources */ = {
			isa = PBXSourcesBuildPhase;
			buildActionMask = 2147483647;
			files = (
				5F9CA26B286863F60027DE44 /* MovieDetailsMVVMUITestsLaunchTests.swift in Sources */,
				5F9CA269286863F60027DE44 /* MovieDetailsMVVMUITests.swift in Sources */,
			);
			runOnlyForDeploymentPostprocessing = 0;
		};
/* End PBXSourcesBuildPhase section */

/* Begin PBXTargetDependency section */
		5F9CA25C286863F60027DE44 /* PBXTargetDependency */ = {
			isa = PBXTargetDependency;
			target = 5F9CA243286863F50027DE44 /* MovieDetailsMVVM */;
			targetProxy = 5F9CA25B286863F60027DE44 /* PBXContainerItemProxy */;
		};
		5F9CA266286863F60027DE44 /* PBXTargetDependency */ = {
			isa = PBXTargetDependency;
			target = 5F9CA243286863F50027DE44 /* MovieDetailsMVVM */;
			targetProxy = 5F9CA265286863F60027DE44 /* PBXContainerItemProxy */;
		};
/* End PBXTargetDependency section */

/* Begin PBXVariantGroup section */
		5F9CA252286863F60027DE44 /* LaunchScreen.storyboard */ = {
			isa = PBXVariantGroup;
			children = (
				5F9CA253286863F60027DE44 /* Base */,
			);
			name = LaunchScreen.storyboard;
			sourceTree = "<group>";
		};
/* End PBXVariantGroup section */

/* Begin XCBuildConfiguration section */
		5F9CA26C286863F60027DE44 /* Debug */ = {
			isa = XCBuildConfiguration;
			buildSettings = {
				ALWAYS_SEARCH_USER_PATHS = NO;
				CLANG_ANALYZER_NONNULL = YES;
				CLANG_ANALYZER_NUMBER_OBJECT_CONVERSION = YES_AGGRESSIVE;
				CLANG_CXX_LANGUAGE_STANDARD = "gnu++17";
				CLANG_ENABLE_MODULES = YES;
				CLANG_ENABLE_OBJC_ARC = YES;
				CLANG_ENABLE_OBJC_WEAK = YES;
				CLANG_WARN_BLOCK_CAPTURE_AUTORELEASING = YES;
				CLANG_WARN_BOOL_CONVERSION = YES;
				CLANG_WARN_COMMA = YES;
				CLANG_WARN_CONSTANT_CONVERSION = YES;
				CLANG_WARN_DEPRECATED_OBJC_IMPLEMENTATIONS = YES;
				CLANG_WARN_DIRECT_OBJC_ISA_USAGE = YES_ERROR;
				CLANG_WARN_DOCUMENTATION_COMMENTS = YES;
				CLANG_WARN_EMPTY_BODY = YES;
				CLANG_WARN_ENUM_CONVERSION = YES;
				CLANG_WARN_INFINITE_RECURSION = YES;
				CLANG_WARN_INT_CONVERSION = YES;
				CLANG_WARN_NON_LITERAL_NULL_CONVERSION = YES;
				CLANG_WARN_OBJC_IMPLICIT_RETAIN_SELF = YES;
				CLANG_WARN_OBJC_LITERAL_CONVERSION = YES;
				CLANG_WARN_OBJC_ROOT_CLASS = YES_ERROR;
				CLANG_WARN_QUOTED_INCLUDE_IN_FRAMEWORK_HEADER = YES;
				CLANG_WARN_RANGE_LOOP_ANALYSIS = YES;
				CLANG_WARN_STRICT_PROTOTYPES = YES;
				CLANG_WARN_SUSPICIOUS_MOVE = YES;
				CLANG_WARN_UNGUARDED_AVAILABILITY = YES_AGGRESSIVE;
				CLANG_WARN_UNREACHABLE_CODE = YES;
				CLANG_WARN__DUPLICATE_METHOD_MATCH = YES;
				COPY_PHASE_STRIP = NO;
				DEBUG_INFORMATION_FORMAT = dwarf;
				ENABLE_STRICT_OBJC_MSGSEND = YES;
				ENABLE_TESTABILITY = YES;
				GCC_C_LANGUAGE_STANDARD = gnu11;
				GCC_DYNAMIC_NO_PIC = NO;
				GCC_NO_COMMON_BLOCKS = YES;
				GCC_OPTIMIZATION_LEVEL = 0;
				GCC_PREPROCESSOR_DEFINITIONS = (
					"DEBUG=1",
					"$(inherited)",
				);
				GCC_WARN_64_TO_32_BIT_CONVERSION = YES;
				GCC_WARN_ABOUT_RETURN_TYPE = YES_ERROR;
				GCC_WARN_UNDECLARED_SELECTOR = YES;
				GCC_WARN_UNINITIALIZED_AUTOS = YES_AGGRESSIVE;
				GCC_WARN_UNUSED_FUNCTION = YES;
				GCC_WARN_UNUSED_VARIABLE = YES;
				IPHONEOS_DEPLOYMENT_TARGET = 13.0;
				MTL_ENABLE_DEBUG_INFO = INCLUDE_SOURCE;
				MTL_FAST_MATH = YES;
				ONLY_ACTIVE_ARCH = YES;
				SDKROOT = iphoneos;
				SWIFT_ACTIVE_COMPILATION_CONDITIONS = DEBUG;
				SWIFT_OPTIMIZATION_LEVEL = "-Onone";
			};
			name = Debug;
		};
		5F9CA26D286863F60027DE44 /* Release */ = {
			isa = XCBuildConfiguration;
			buildSettings = {
				ALWAYS_SEARCH_USER_PATHS = NO;
				CLANG_ANALYZER_NONNULL = YES;
				CLANG_ANALYZER_NUMBER_OBJECT_CONVERSION = YES_AGGRESSIVE;
				CLANG_CXX_LANGUAGE_STANDARD = "gnu++17";
				CLANG_ENABLE_MODULES = YES;
				CLANG_ENABLE_OBJC_ARC = YES;
				CLANG_ENABLE_OBJC_WEAK = YES;
				CLANG_WARN_BLOCK_CAPTURE_AUTORELEASING = YES;
				CLANG_WARN_BOOL_CONVERSION = YES;
				CLANG_WARN_COMMA = YES;
				CLANG_WARN_CONSTANT_CONVERSION = YES;
				CLANG_WARN_DEPRECATED_OBJC_IMPLEMENTATIONS = YES;
				CLANG_WARN_DIRECT_OBJC_ISA_USAGE = YES_ERROR;
				CLANG_WARN_DOCUMENTATION_COMMENTS = YES;
				CLANG_WARN_EMPTY_BODY = YES;
				CLANG_WARN_ENUM_CONVERSION = YES;
				CLANG_WARN_INFINITE_RECURSION = YES;
				CLANG_WARN_INT_CONVERSION = YES;
				CLANG_WARN_NON_LITERAL_NULL_CONVERSION = YES;
				CLANG_WARN_OBJC_IMPLICIT_RETAIN_SELF = YES;
				CLANG_WARN_OBJC_LITERAL_CONVERSION = YES;
				CLANG_WARN_OBJC_ROOT_CLASS = YES_ERROR;
				CLANG_WARN_QUOTED_INCLUDE_IN_FRAMEWORK_HEADER = YES;
				CLANG_WARN_RANGE_LOOP_ANALYSIS = YES;
				CLANG_WARN_STRICT_PROTOTYPES = YES;
				CLANG_WARN_SUSPICIOUS_MOVE = YES;
				CLANG_WARN_UNGUARDED_AVAILABILITY = YES_AGGRESSIVE;
				CLANG_WARN_UNREACHABLE_CODE = YES;
				CLANG_WARN__DUPLICATE_METHOD_MATCH = YES;
				COPY_PHASE_STRIP = NO;
				DEBUG_INFORMATION_FORMAT = "dwarf-with-dsym";
				ENABLE_NS_ASSERTIONS = NO;
				ENABLE_STRICT_OBJC_MSGSEND = YES;
				GCC_C_LANGUAGE_STANDARD = gnu11;
				GCC_NO_COMMON_BLOCKS = YES;
				GCC_WARN_64_TO_32_BIT_CONVERSION = YES;
				GCC_WARN_ABOUT_RETURN_TYPE = YES_ERROR;
				GCC_WARN_UNDECLARED_SELECTOR = YES;
				GCC_WARN_UNINITIALIZED_AUTOS = YES_AGGRESSIVE;
				GCC_WARN_UNUSED_FUNCTION = YES;
				GCC_WARN_UNUSED_VARIABLE = YES;
				IPHONEOS_DEPLOYMENT_TARGET = 13.0;
				MTL_ENABLE_DEBUG_INFO = NO;
				MTL_FAST_MATH = YES;
				SDKROOT = iphoneos;
				SWIFT_COMPILATION_MODE = wholemodule;
				SWIFT_OPTIMIZATION_LEVEL = "-O";
				VALIDATE_PRODUCT = YES;
			};
			name = Release;
		};
		5F9CA26F286863F60027DE44 /* Debug */ = {
			isa = XCBuildConfiguration;
			buildSettings = {
				ASSETCATALOG_COMPILER_APPICON_NAME = AppIcon;
				ASSETCATALOG_COMPILER_GLOBAL_ACCENT_COLOR_NAME = AccentColor;
				CODE_SIGN_STYLE = Automatic;
				CURRENT_PROJECT_VERSION = 1;
				DEVELOPMENT_TEAM = 74W4KWPA75;
				GENERATE_INFOPLIST_FILE = YES;
				INFOPLIST_FILE = MovieDetailsMVVM/Info.plist;
				INFOPLIST_KEY_UIApplicationSupportsIndirectInputEvents = YES;
				INFOPLIST_KEY_UILaunchStoryboardName = LaunchScreen;
				INFOPLIST_KEY_UISupportedInterfaceOrientations_iPad = "UIInterfaceOrientationPortrait UIInterfaceOrientationPortraitUpsideDown UIInterfaceOrientationLandscapeLeft UIInterfaceOrientationLandscapeRight";
				INFOPLIST_KEY_UISupportedInterfaceOrientations_iPhone = "UIInterfaceOrientationPortrait UIInterfaceOrientationLandscapeLeft UIInterfaceOrientationLandscapeRight";
				LD_RUNPATH_SEARCH_PATHS = (
					"$(inherited)",
					"@executable_path/Frameworks",
				);
				MARKETING_VERSION = 1.0;
				PRODUCT_BUNDLE_IDENTIFIER = sajjadsarkoobi.MovieDetailsMVVM;
				PRODUCT_NAME = "$(TARGET_NAME)";
				SWIFT_EMIT_LOC_STRINGS = YES;
				SWIFT_VERSION = 5.0;
				TARGETED_DEVICE_FAMILY = "1,2";
			};
			name = Debug;
		};
		5F9CA270286863F60027DE44 /* Release */ = {
			isa = XCBuildConfiguration;
			buildSettings = {
				ASSETCATALOG_COMPILER_APPICON_NAME = AppIcon;
				ASSETCATALOG_COMPILER_GLOBAL_ACCENT_COLOR_NAME = AccentColor;
				CODE_SIGN_STYLE = Automatic;
				CURRENT_PROJECT_VERSION = 1;
				DEVELOPMENT_TEAM = 74W4KWPA75;
				GENERATE_INFOPLIST_FILE = YES;
				INFOPLIST_FILE = MovieDetailsMVVM/Info.plist;
				INFOPLIST_KEY_UIApplicationSupportsIndirectInputEvents = YES;
				INFOPLIST_KEY_UILaunchStoryboardName = LaunchScreen;
				INFOPLIST_KEY_UISupportedInterfaceOrientations_iPad = "UIInterfaceOrientationPortrait UIInterfaceOrientationPortraitUpsideDown UIInterfaceOrientationLandscapeLeft UIInterfaceOrientationLandscapeRight";
				INFOPLIST_KEY_UISupportedInterfaceOrientations_iPhone = "UIInterfaceOrientationPortrait UIInterfaceOrientationLandscapeLeft UIInterfaceOrientationLandscapeRight";
				LD_RUNPATH_SEARCH_PATHS = (
					"$(inherited)",
					"@executable_path/Frameworks",
				);
				MARKETING_VERSION = 1.0;
				PRODUCT_BUNDLE_IDENTIFIER = sajjadsarkoobi.MovieDetailsMVVM;
				PRODUCT_NAME = "$(TARGET_NAME)";
				SWIFT_EMIT_LOC_STRINGS = YES;
				SWIFT_VERSION = 5.0;
				TARGETED_DEVICE_FAMILY = "1,2";
			};
			name = Release;
		};
		5F9CA272286863F60027DE44 /* Debug */ = {
			isa = XCBuildConfiguration;
			buildSettings = {
				ALWAYS_EMBED_SWIFT_STANDARD_LIBRARIES = YES;
				BUNDLE_LOADER = "$(TEST_HOST)";
				CODE_SIGN_STYLE = Automatic;
				CURRENT_PROJECT_VERSION = 1;
				DEVELOPMENT_TEAM = 74W4KWPA75;
				GENERATE_INFOPLIST_FILE = YES;
				IPHONEOS_DEPLOYMENT_TARGET = 15.5;
				MARKETING_VERSION = 1.0;
				PRODUCT_BUNDLE_IDENTIFIER = sajjadsarkoobi.MovieDetailsMVVMTests;
				PRODUCT_NAME = "$(TARGET_NAME)";
				SWIFT_EMIT_LOC_STRINGS = NO;
				SWIFT_VERSION = 5.0;
				TARGETED_DEVICE_FAMILY = "1,2";
				TEST_HOST = "$(BUILT_PRODUCTS_DIR)/MovieDetailsMVVM.app/MovieDetailsMVVM";
			};
			name = Debug;
		};
		5F9CA273286863F60027DE44 /* Release */ = {
			isa = XCBuildConfiguration;
			buildSettings = {
				ALWAYS_EMBED_SWIFT_STANDARD_LIBRARIES = YES;
				BUNDLE_LOADER = "$(TEST_HOST)";
				CODE_SIGN_STYLE = Automatic;
				CURRENT_PROJECT_VERSION = 1;
				DEVELOPMENT_TEAM = 74W4KWPA75;
				GENERATE_INFOPLIST_FILE = YES;
				IPHONEOS_DEPLOYMENT_TARGET = 15.5;
				MARKETING_VERSION = 1.0;
				PRODUCT_BUNDLE_IDENTIFIER = sajjadsarkoobi.MovieDetailsMVVMTests;
				PRODUCT_NAME = "$(TARGET_NAME)";
				SWIFT_EMIT_LOC_STRINGS = NO;
				SWIFT_VERSION = 5.0;
				TARGETED_DEVICE_FAMILY = "1,2";
				TEST_HOST = "$(BUILT_PRODUCTS_DIR)/MovieDetailsMVVM.app/MovieDetailsMVVM";
			};
			name = Release;
		};
		5F9CA275286863F60027DE44 /* Debug */ = {
			isa = XCBuildConfiguration;
			buildSettings = {
				ALWAYS_EMBED_SWIFT_STANDARD_LIBRARIES = YES;
				CODE_SIGN_STYLE = Automatic;
				CURRENT_PROJECT_VERSION = 1;
				DEVELOPMENT_TEAM = 74W4KWPA75;
				GENERATE_INFOPLIST_FILE = YES;
				MARKETING_VERSION = 1.0;
				PRODUCT_BUNDLE_IDENTIFIER = sajjadsarkoobi.MovieDetailsMVVMUITests;
				PRODUCT_NAME = "$(TARGET_NAME)";
				SWIFT_EMIT_LOC_STRINGS = NO;
				SWIFT_VERSION = 5.0;
				TARGETED_DEVICE_FAMILY = "1,2";
				TEST_TARGET_NAME = MovieDetailsMVVM;
			};
			name = Debug;
		};
		5F9CA276286863F60027DE44 /* Release */ = {
			isa = XCBuildConfiguration;
			buildSettings = {
				ALWAYS_EMBED_SWIFT_STANDARD_LIBRARIES = YES;
				CODE_SIGN_STYLE = Automatic;
				CURRENT_PROJECT_VERSION = 1;
				DEVELOPMENT_TEAM = 74W4KWPA75;
				GENERATE_INFOPLIST_FILE = YES;
				MARKETING_VERSION = 1.0;
				PRODUCT_BUNDLE_IDENTIFIER = sajjadsarkoobi.MovieDetailsMVVMUITests;
				PRODUCT_NAME = "$(TARGET_NAME)";
				SWIFT_EMIT_LOC_STRINGS = NO;
				SWIFT_VERSION = 5.0;
				TARGETED_DEVICE_FAMILY = "1,2";
				TEST_TARGET_NAME = MovieDetailsMVVM;
			};
			name = Release;
		};
/* End XCBuildConfiguration section */

/* Begin XCConfigurationList section */
		5F9CA23F286863F50027DE44 /* Build configuration list for PBXProject "MovieDetailsMVVM" */ = {
			isa = XCConfigurationList;
			buildConfigurations = (
				5F9CA26C286863F60027DE44 /* Debug */,
				5F9CA26D286863F60027DE44 /* Release */,
			);
			defaultConfigurationIsVisible = 0;
			defaultConfigurationName = Release;
		};
		5F9CA26E286863F60027DE44 /* Build configuration list for PBXNativeTarget "MovieDetailsMVVM" */ = {
			isa = XCConfigurationList;
			buildConfigurations = (
				5F9CA26F286863F60027DE44 /* Debug */,
				5F9CA270286863F60027DE44 /* Release */,
			);
			defaultConfigurationIsVisible = 0;
			defaultConfigurationName = Release;
		};
		5F9CA271286863F60027DE44 /* Build configuration list for PBXNativeTarget "MovieDetailsMVVMTests" */ = {
			isa = XCConfigurationList;
			buildConfigurations = (
				5F9CA272286863F60027DE44 /* Debug */,
				5F9CA273286863F60027DE44 /* Release */,
			);
			defaultConfigurationIsVisible = 0;
			defaultConfigurationName = Release;
		};
		5F9CA274286863F60027DE44 /* Build configuration list for PBXNativeTarget "MovieDetailsMVVMUITests" */ = {
			isa = XCConfigurationList;
			buildConfigurations = (
				5F9CA275286863F60027DE44 /* Debug */,
				5F9CA276286863F60027DE44 /* Release */,
			);
			defaultConfigurationIsVisible = 0;
			defaultConfigurationName = Release;
		};
/* End XCConfigurationList section */

/* Begin XCRemoteSwiftPackageReference section */
		5F6387AB2869938000838B78 /* XCRemoteSwiftPackageReference "SDWebImage" */ = {
			isa = XCRemoteSwiftPackageReference;
			repositoryURL = "https://github.com/SDWebImage/SDWebImage.git";
			requirement = {
				branch = master;
				kind = branch;
			};
		};
/* End XCRemoteSwiftPackageReference section */

/* Begin XCSwiftPackageProductDependency section */
		5F6387AC2869938000838B78 /* SDWebImage */ = {
			isa = XCSwiftPackageProductDependency;
			package = 5F6387AB2869938000838B78 /* XCRemoteSwiftPackageReference "SDWebImage" */;
			productName = SDWebImage;
		};
/* End XCSwiftPackageProductDependency section */
	};
	rootObject = 5F9CA23C286863F50027DE44 /* Project object */;
}
